
Microsoft Visual Studio Solution File, Format Version 12.00
# Visual Studio Version 17
VisualStudioVersion = 17.0.32112.339
MinimumVisualStudioVersion = 10.0.40219.1
Project("{9A19103F-16F7-4668-BE54-9A1E7A4F7556}") = "Bank.Core", "Bank.Core\Bank.Core.csproj", "{9452560E-CB96-4588-848C-A8405251161E}"
EndProject
Project("{9A19103F-16F7-4668-BE54-9A1E7A4F7556}") = "Bank.UIConsole", "Bank.UIConsole\Bank.UIConsole.csproj", "{BF3DD2C9-71B6-43A6-9EA6-A131EC26E2C9}"
EndProject
Project("{FAE04EC0-301F-11D3-BF4B-00C04F79EFBC}") = "Figures.Core", "Figures.Core\Figures.Core.csproj", "{80EF52C0-BBCA-4872-8B26-12AF5F21D5F9}"
EndProject
Project("{FAE04EC0-301F-11D3-BF4B-00C04F79EFBC}") = "Figures.UiConsole", "Figures.UiConsole\Figures.UiConsole.csproj", "{81DA2601-AC3A-48D8-AAC5-54ABC90DC855}"
EndProject
Global
	GlobalSection(SolutionConfigurationPlatforms) = preSolution
		Debug|Any CPU = Debug|Any CPU
		Release|Any CPU = Release|Any CPU
	EndGlobalSection
	GlobalSection(ProjectConfigurationPlatforms) = postSolution
		{9452560E-CB96-4588-848C-A8405251161E}.Debug|Any CPU.ActiveCfg = Debug|Any CPU
		{9452560E-CB96-4588-848C-A8405251161E}.Debug|Any CPU.Build.0 = Debug|Any CPU
		{9452560E-CB96-4588-848C-A8405251161E}.Release|Any CPU.ActiveCfg = Release|Any CPU
		{9452560E-CB96-4588-848C-A8405251161E}.Release|Any CPU.Build.0 = Release|Any CPU
		{BF3DD2C9-71B6-43A6-9EA6-A131EC26E2C9}.Debug|Any CPU.ActiveCfg = Debug|Any CPU
		{BF3DD2C9-71B6-43A6-9EA6-A131EC26E2C9}.Debug|Any CPU.Build.0 = Debug|Any CPU
		{BF3DD2C9-71B6-43A6-9EA6-A131EC26E2C9}.Release|Any CPU.ActiveCfg = Release|Any CPU
		{BF3DD2C9-71B6-43A6-9EA6-A131EC26E2C9}.Release|Any CPU.Build.0 = Release|Any CPU
		{80EF52C0-BBCA-4872-8B26-12AF5F21D5F9}.Debug|Any CPU.ActiveCfg = Debug|Any CPU
		{80EF52C0-BBCA-4872-8B26-12AF5F21D5F9}.Debug|Any CPU.Build.0 = Debug|Any CPU
		{80EF52C0-BBCA-4872-8B26-12AF5F21D5F9}.Release|Any CPU.ActiveCfg = Release|Any CPU
		{80EF52C0-BBCA-4872-8B26-12AF5F21D5F9}.Release|Any CPU.Build.0 = Release|Any CPU
		{81DA2601-AC3A-48D8-AAC5-54ABC90DC855}.Debug|Any CPU.ActiveCfg = Debug|Any CPU
		{81DA2601-AC3A-48D8-AAC5-54ABC90DC855}.Debug|Any CPU.Build.0 = Debug|Any CPU
		{81DA2601-AC3A-48D8-AAC5-54ABC90DC855}.Release|Any CPU.ActiveCfg = Release|Any CPU
		{81DA2601-AC3A-48D8-AAC5-54ABC90DC855}.Release|Any CPU.Build.0 = Release|Any CPU
	EndGlobalSection
	GlobalSection(SolutionProperties) = preSolution
		HideSolutionNode = FALSE
	EndGlobalSection
	GlobalSection(ExtensibilityGlobals) = postSolution
		SolutionGuid = {57BF053B-D610-443D-9E9C-2E5F92E9E828}
	EndGlobalSection
EndGlobal
